<?xml version="1.0" encoding="utf-8"?>
<Project ToolsVersion="4.0" xmlns="http://schemas.microsoft.com/developer/msbuild/2003">
  <ItemGroup>
    <Filter Include="Source Files">
      <UniqueIdentifier>{4FC737F1-C7A5-4376-A066-2A32D752A2FF}</UniqueIdentifier>
      <Extensions>cpp;c;cc;cxx;def;odl;idl;hpj;bat;asm;asmx</Extensions>
    </Filter>
    <Filter Include="Header Files">
      <UniqueIdentifier>{93995380-89BD-4b04-88EB-625FBE52EBFB}</UniqueIdentifier>
      <Extensions>h;hh;hpp;hxx;hm;inl;inc;xsd</Extensions>
    </Filter>
    <Filter Include="Resource Files">
      <UniqueIdentifier>{67DA6AB6-F800-4c08-8B7A-83BB121AAD01}</UniqueIdentifier>
      <Extensions>rc;ico;cur;bmp;dlg;rc2;rct;bin;rgs;gif;jpg;jpeg;jpe;resx;tiff;tif;png;wav;mfcribbon-ms</Extensions>
    </Filter>
    <Filter Include="Source Files\SOM">
      <UniqueIdentifier>{05a3ee5c-49e0-46d0-9879-e74b187f85a3}</UniqueIdentifier>
    </Filter>
    <Filter Include="Source Files\RL">
      <UniqueIdentifier>{ab3b9946-283b-4552-9e93-8e4e931a947d}</UniqueIdentifier>
    </Filter>
    <Filter Include="Header Files\RL">
      <UniqueIdentifier>{8ae4acd9-c5ee-4253-a5e6-8862b01fe557}</UniqueIdentifier>
    </Filter>
    <Filter Include="Header Files\SOM">
      <UniqueIdentifier>{c27a0246-23ce-4d6b-b31e-50b386c77da8}</UniqueIdentifier>
    </Filter>
    <Filter Include="Source Files\RNN">
      <UniqueIdentifier>{c45bc772-eebe-4a9c-8633-d21333bdc825}</UniqueIdentifier>
    </Filter>
    <Filter Include="Header Files\RNN">
      <UniqueIdentifier>{64d3f9b9-5353-49d7-885f-87db65afa5c6}</UniqueIdentifier>
    </Filter>
    <Filter Include="Header Files\MNIST">
      <UniqueIdentifier>{f5e71797-5e3b-45a3-a9bd-d6de55a38e11}</UniqueIdentifier>
    </Filter>
    <Filter Include="Source Files\MNIST">
      <UniqueIdentifier>{433c17ea-a2f2-42e9-9d80-ad61a66d07d5}</UniqueIdentifier>
    </Filter>
  </ItemGroup>
  <ItemGroup>
    <ClCompile Include="main.cpp">
      <Filter>Source Files</Filter>
    </ClCompile>
    <ClCompile Include="FFN.cpp">
      <Filter>Source Files</Filter>
    </ClCompile>
    <ClCompile Include="IrisDataset.cpp">
      <Filter>Source Files\SOM</Filter>
    </ClCompile>
    <ClCompile Include="IrisTest.cpp">
      <Filter>Source Files\SOM</Filter>
    </ClCompile>
    <ClCompile Include="CartPole.cpp">
      <Filter>Source Files\RL</Filter>
    </ClCompile>
    <ClCompile Include="Environment.cpp">
      <Filter>Source Files\RL</Filter>
    </ClCompile>
    <ClCompile Include="Maze.cpp">
      <Filter>Source Files\RL</Filter>
    </ClCompile>
    <ClCompile Include="MazeAction.cpp">
      <Filter>Source Files\RL</Filter>
    </ClCompile>
    <ClCompile Include="rk4.cpp">
      <Filter>Source Files\RL</Filter>
    </ClCompile>
    <ClCompile Include="MazeExample.cpp">
      <Filter>Source Files</Filter>
    </ClCompile>
    <ClCompile Include="RNN.cpp">
      <Filter>Source Files\RNN</Filter>
    </ClCompile>
    <ClCompile Include="AddProblemDataset.cpp">
      <Filter>Source Files\RNN</Filter>
    </ClCompile>
    <ClCompile Include="PackDataset.cpp">
      <Filter>Source Files\RNN</Filter>
    </ClCompile>
    <ClCompile Include="CisLoader.cpp">
      <Filter>Source Files</Filter>
    </ClCompile>
    <ClCompile Include="CNN.cpp">
      <Filter>Source Files\MNIST</Filter>
    </ClCompile>
    <ClCompile Include="PackDataset2.cpp">
      <Filter>Source Files\RNN</Filter>
    </ClCompile>
    <ClCompile Include="PackDefinition.cpp">
      <Filter>Source Files</Filter>
    </ClCompile>
    <ClCompile Include="SimpleContinuousEnv.cpp">
      <Filter>Source Files\RL</Filter>
    </ClCompile>
    <ClCompile Include="ContinuousTest.cpp">
      <Filter>Source Files</Filter>
    </ClCompile>
  </ItemGroup>
  <ItemGroup>
    <ClInclude Include="FFN.h">
      <Filter>Header Files</Filter>
    </ClInclude>
    <ClInclude Include="UBALTest.h">
      <Filter>Header Files</Filter>
    </ClInclude>
    <ClInclude Include="CartPole.h">
      <Filter>Header Files\RL</Filter>
    </ClInclude>
    <ClInclude Include="Environment.h">
      <Filter>Header Files\RL</Filter>
    </ClInclude>
    <ClInclude Include="Maze.h">
      <Filter>Header Files\RL</Filter>
    </ClInclude>
    <ClInclude Include="MazeAction.h">
      <Filter>Header Files\RL</Filter>
    </ClInclude>
    <ClInclude Include="rk4.hpp">
      <Filter>Header Files\RL</Filter>
    </ClInclude>
    <ClInclude Include="IrisTest.h">
      <Filter>Header Files\SOM</Filter>
    </ClInclude>
    <ClInclude Include="IrisDataset.h">
      <Filter>Header Files\SOM</Filter>
    </ClInclude>
    <ClInclude Include="MazeExample.h">
      <Filter>Header Files</Filter>
    </ClInclude>
    <ClInclude Include="PackDataset.h">
      <Filter>Header Files\RNN</Filter>
    </ClInclude>
    <ClInclude Include="CisLoader.h">
      <Filter>Header Files</Filter>
    </ClInclude>
    <ClInclude Include="..\Coeus\AddProblemDataset.h">
      <Filter>Header Files\RNN</Filter>
    </ClInclude>
    <ClInclude Include="..\Coeus\RNN.h">
      <Filter>Header Files\RNN</Filter>
    </ClInclude>
    <ClInclude Include="mnist_reader.hpp">
      <Filter>Header Files\MNIST</Filter>
    </ClInclude>
    <ClInclude Include="mnist_reader_common.hpp">
      <Filter>Header Files\MNIST</Filter>
    </ClInclude>
    <ClInclude Include="mnist_reader_less.hpp">
      <Filter>Header Files\MNIST</Filter>
    </ClInclude>
    <ClInclude Include="mnist_utils.hpp">
      <Filter>Header Files\MNIST</Filter>
    </ClInclude>
    <ClInclude Include="CNN.h">
      <Filter>Header Files\MNIST</Filter>
    </ClInclude>
    <ClInclude Include="PackDataset2.h">
      <Filter>Header Files\RNN</Filter>
    </ClInclude>
    <ClInclude Include="PackDefinition.h">
      <Filter>Header Files</Filter>
    </ClInclude>
    <ClInclude Include="SimpleContinuousEnv.h">
      <Filter>Header Files\RL</Filter>
    </ClInclude>
    <ClInclude Include="ContinuousTest.h">
      <Filter>Header Files</Filter>
    </ClInclude>
  </ItemGroup>
</Project>