
Microsoft Visual Studio Solution File, Format Version 12.00
# Visual Studio 14
VisualStudioVersion = 14.0.25420.1
MinimumVisualStudioVersion = 10.0.40219.1
Project("{8BC9CEB8-8B4A-11D0-8D11-00A0C91BC942}") = "CuCLAB", "CuCLAB\CuCLAB.vcxproj", "{15650F5B-6FC8-4F59-9F94-AF964F0D131D}"
EndProject
Project("{8BC9CEB8-8B4A-11D0-8D11-00A0C91BC942}") = "CLAB", "CLAB\CLAB.vcxproj", "{7545699C-A60C-42DA-B09E-FD3F8E18FEA5}"
	ProjectSection(ProjectDependencies) = postProject
		{15650F5B-6FC8-4F59-9F94-AF964F0D131D} = {15650F5B-6FC8-4F59-9F94-AF964F0D131D}
	EndProjectSection
EndProject
Project("{8BC9CEB8-8B4A-11D0-8D11-00A0C91BC942}") = "Coeus", "Coeus\Coeus.vcxproj", "{23B90F46-2031-47AB-B106-736EA36FE5C3}"
	ProjectSection(ProjectDependencies) = postProject
		{15650F5B-6FC8-4F59-9F94-AF964F0D131D} = {15650F5B-6FC8-4F59-9F94-AF964F0D131D}
		{7545699C-A60C-42DA-B09E-FD3F8E18FEA5} = {7545699C-A60C-42DA-B09E-FD3F8E18FEA5}
	EndProjectSection
EndProject
Project("{8BC9CEB8-8B4A-11D0-8D11-00A0C91BC942}") = "Example", "Example\Example.vcxproj", "{40CD2D01-50D9-46EE-B5B1-766E2E678E2D}"
	ProjectSection(ProjectDependencies) = postProject
		{23B90F46-2031-47AB-B106-736EA36FE5C3} = {23B90F46-2031-47AB-B106-736EA36FE5C3}
		{15650F5B-6FC8-4F59-9F94-AF964F0D131D} = {15650F5B-6FC8-4F59-9F94-AF964F0D131D}
		{7545699C-A60C-42DA-B09E-FD3F8E18FEA5} = {7545699C-A60C-42DA-B09E-FD3F8E18FEA5}
		{068826C3-D4A8-4B18-8093-0C8D775CCE55} = {068826C3-D4A8-4B18-8093-0C8D775CCE55}
	EndProjectSection
EndProject
Project("{8BC9CEB8-8B4A-11D0-8D11-00A0C91BC942}") = "CoeusRL", "CoeusRL\CoeusRL.vcxproj", "{068826C3-D4A8-4B18-8093-0C8D775CCE55}"
	ProjectSection(ProjectDependencies) = postProject
		{23B90F46-2031-47AB-B106-736EA36FE5C3} = {23B90F46-2031-47AB-B106-736EA36FE5C3}
		{15650F5B-6FC8-4F59-9F94-AF964F0D131D} = {15650F5B-6FC8-4F59-9F94-AF964F0D131D}
		{7545699C-A60C-42DA-B09E-FD3F8E18FEA5} = {7545699C-A60C-42DA-B09E-FD3F8E18FEA5}
	EndProjectSection
EndProject
Global
	GlobalSection(SolutionConfigurationPlatforms) = preSolution
		Debug|x64 = Debug|x64
		Debug|x86 = Debug|x86
		Release|x64 = Release|x64
		Release|x86 = Release|x86
	EndGlobalSection
	GlobalSection(ProjectConfigurationPlatforms) = postSolution
		{15650F5B-6FC8-4F59-9F94-AF964F0D131D}.Debug|x64.ActiveCfg = Debug|x64
		{15650F5B-6FC8-4F59-9F94-AF964F0D131D}.Debug|x64.Build.0 = Debug|x64
		{15650F5B-6FC8-4F59-9F94-AF964F0D131D}.Debug|x86.ActiveCfg = Debug|Win32
		{15650F5B-6FC8-4F59-9F94-AF964F0D131D}.Debug|x86.Build.0 = Debug|Win32
		{15650F5B-6FC8-4F59-9F94-AF964F0D131D}.Release|x64.ActiveCfg = Release|x64
		{15650F5B-6FC8-4F59-9F94-AF964F0D131D}.Release|x64.Build.0 = Release|x64
		{15650F5B-6FC8-4F59-9F94-AF964F0D131D}.Release|x86.ActiveCfg = Release|Win32
		{15650F5B-6FC8-4F59-9F94-AF964F0D131D}.Release|x86.Build.0 = Release|Win32
		{7545699C-A60C-42DA-B09E-FD3F8E18FEA5}.Debug|x64.ActiveCfg = Debug|x64
		{7545699C-A60C-42DA-B09E-FD3F8E18FEA5}.Debug|x64.Build.0 = Debug|x64
		{7545699C-A60C-42DA-B09E-FD3F8E18FEA5}.Debug|x86.ActiveCfg = Debug|Win32
		{7545699C-A60C-42DA-B09E-FD3F8E18FEA5}.Debug|x86.Build.0 = Debug|Win32
		{7545699C-A60C-42DA-B09E-FD3F8E18FEA5}.Release|x64.ActiveCfg = Release|x64
		{7545699C-A60C-42DA-B09E-FD3F8E18FEA5}.Release|x64.Build.0 = Release|x64
		{7545699C-A60C-42DA-B09E-FD3F8E18FEA5}.Release|x86.ActiveCfg = Release|Win32
		{7545699C-A60C-42DA-B09E-FD3F8E18FEA5}.Release|x86.Build.0 = Release|Win32
		{23B90F46-2031-47AB-B106-736EA36FE5C3}.Debug|x64.ActiveCfg = Debug|x64
		{23B90F46-2031-47AB-B106-736EA36FE5C3}.Debug|x64.Build.0 = Debug|x64
		{23B90F46-2031-47AB-B106-736EA36FE5C3}.Debug|x86.ActiveCfg = Debug|Win32
		{23B90F46-2031-47AB-B106-736EA36FE5C3}.Debug|x86.Build.0 = Debug|Win32
		{23B90F46-2031-47AB-B106-736EA36FE5C3}.Release|x64.ActiveCfg = Release|x64
		{23B90F46-2031-47AB-B106-736EA36FE5C3}.Release|x64.Build.0 = Release|x64
		{23B90F46-2031-47AB-B106-736EA36FE5C3}.Release|x86.ActiveCfg = Release|Win32
		{23B90F46-2031-47AB-B106-736EA36FE5C3}.Release|x86.Build.0 = Release|Win32
		{40CD2D01-50D9-46EE-B5B1-766E2E678E2D}.Debug|x64.ActiveCfg = Debug|x64
		{40CD2D01-50D9-46EE-B5B1-766E2E678E2D}.Debug|x64.Build.0 = Debug|x64
		{40CD2D01-50D9-46EE-B5B1-766E2E678E2D}.Debug|x86.ActiveCfg = Debug|Win32
		{40CD2D01-50D9-46EE-B5B1-766E2E678E2D}.Debug|x86.Build.0 = Debug|Win32
		{40CD2D01-50D9-46EE-B5B1-766E2E678E2D}.Release|x64.ActiveCfg = Release|x64
		{40CD2D01-50D9-46EE-B5B1-766E2E678E2D}.Release|x64.Build.0 = Release|x64
		{40CD2D01-50D9-46EE-B5B1-766E2E678E2D}.Release|x86.ActiveCfg = Release|Win32
		{40CD2D01-50D9-46EE-B5B1-766E2E678E2D}.Release|x86.Build.0 = Release|Win32
		{068826C3-D4A8-4B18-8093-0C8D775CCE55}.Debug|x64.ActiveCfg = Debug|x64
		{068826C3-D4A8-4B18-8093-0C8D775CCE55}.Debug|x64.Build.0 = Debug|x64
		{068826C3-D4A8-4B18-8093-0C8D775CCE55}.Debug|x86.ActiveCfg = Debug|Win32
		{068826C3-D4A8-4B18-8093-0C8D775CCE55}.Debug|x86.Build.0 = Debug|Win32
		{068826C3-D4A8-4B18-8093-0C8D775CCE55}.Release|x64.ActiveCfg = Release|x64
		{068826C3-D4A8-4B18-8093-0C8D775CCE55}.Release|x64.Build.0 = Release|x64
		{068826C3-D4A8-4B18-8093-0C8D775CCE55}.Release|x86.ActiveCfg = Release|Win32
		{068826C3-D4A8-4B18-8093-0C8D775CCE55}.Release|x86.Build.0 = Release|Win32
	EndGlobalSection
	GlobalSection(SolutionProperties) = preSolution
		HideSolutionNode = FALSE
	EndGlobalSection
EndGlobal
