<?xml version="1.0" encoding="utf-8"?>
<Project ToolsVersion="4.0" xmlns="http://schemas.microsoft.com/developer/msbuild/2003">
  <ItemGroup>
    <Filter Include="Source Files">
      <UniqueIdentifier>{4FC737F1-C7A5-4376-A066-2A32D752A2FF}</UniqueIdentifier>
      <Extensions>cpp;c;cc;cxx;def;odl;idl;hpj;bat;asm;asmx</Extensions>
    </Filter>
    <Filter Include="Header Files">
      <UniqueIdentifier>{93995380-89BD-4b04-88EB-625FBE52EBFB}</UniqueIdentifier>
      <Extensions>h;hh;hpp;hxx;hm;inl;inc;xsd</Extensions>
    </Filter>
    <Filter Include="Resource Files">
      <UniqueIdentifier>{67DA6AB6-F800-4c08-8B7A-83BB121AAD01}</UniqueIdentifier>
      <Extensions>rc;ico;cur;bmp;dlg;rc2;rct;bin;rgs;gif;jpg;jpeg;jpe;resx;tiff;tif;png;wav;mfcribbon-ms</Extensions>
    </Filter>
    <Filter Include="Source Files\Network">
      <UniqueIdentifier>{827fbae6-3be1-4b30-a2f4-b0069f90aca2}</UniqueIdentifier>
    </Filter>
    <Filter Include="Header Files\Network">
      <UniqueIdentifier>{48f8eec4-904e-404b-843e-211f50c2c508}</UniqueIdentifier>
    </Filter>
    <Filter Include="Source Files\Network\Layer">
      <UniqueIdentifier>{83a2b3a6-b9c5-45c4-bdab-8352b24eca48}</UniqueIdentifier>
    </Filter>
    <Filter Include="Header Files\Network\BaseLayer">
      <UniqueIdentifier>{7619e07b-8f30-4242-aa7a-0e7a326ef563}</UniqueIdentifier>
    </Filter>
    <Filter Include="Source Files\Network\SOM">
      <UniqueIdentifier>{37809e74-c498-4cd2-9f5c-a9bf5ed43a5e}</UniqueIdentifier>
    </Filter>
    <Filter Include="Header Files\Network\SOM">
      <UniqueIdentifier>{1deeff18-e9fe-48c3-b6f7-9c6b3b8c84cf}</UniqueIdentifier>
    </Filter>
    <Filter Include="Source Files\Algorithm">
      <UniqueIdentifier>{2b497b99-eb1c-4f30-b691-3d00c5a19c95}</UniqueIdentifier>
    </Filter>
    <Filter Include="Header Files\Algorithm">
      <UniqueIdentifier>{61f79c42-f731-4acc-94cb-af2eb30d70ee}</UniqueIdentifier>
    </Filter>
  </ItemGroup>
  <ItemGroup>
    <Text Include="ReadMe.txt" />
  </ItemGroup>
  <ItemGroup>
    <ClCompile Include="Coeus.cpp">
      <Filter>Source Files</Filter>
    </ClCompile>
    <ClCompile Include="Connection.cpp">
      <Filter>Source Files\Network</Filter>
    </ClCompile>
    <ClCompile Include="NeuralGroup.cpp">
      <Filter>Source Files\Network</Filter>
    </ClCompile>
    <ClCompile Include="ActivationFunctions.cpp">
      <Filter>Source Files\Network</Filter>
    </ClCompile>
    <ClCompile Include="BaseLayer.cpp">
      <Filter>Source Files\Network\Layer</Filter>
    </ClCompile>
    <ClCompile Include="IDGen.cpp">
      <Filter>Source Files\Network</Filter>
    </ClCompile>
    <ClCompile Include="SOM.cpp">
      <Filter>Source Files\Network\SOM</Filter>
    </ClCompile>
    <ClCompile Include="SOM_learning.cpp">
      <Filter>Source Files\Algorithm</Filter>
    </ClCompile>
    <ClCompile Include="SOM_analyzer.cpp">
      <Filter>Source Files\Algorithm</Filter>
    </ClCompile>
    <ClCompile Include="NeuralNetwork.cpp">
      <Filter>Source Files\Network</Filter>
    </ClCompile>
    <ClCompile Include="MSOM.cpp">
      <Filter>Source Files\Network\SOM</Filter>
    </ClCompile>
    <ClCompile Include="MSOM_learning.cpp">
      <Filter>Source Files\Algorithm</Filter>
    </ClCompile>
    <ClCompile Include="Base_SOM_learning.cpp">
      <Filter>Source Files\Algorithm</Filter>
    </ClCompile>
    <ClCompile Include="IOUtils.cpp">
      <Filter>Source Files</Filter>
    </ClCompile>
  </ItemGroup>
  <ItemGroup>
    <ClInclude Include="Connection.h">
      <Filter>Header Files\Network</Filter>
    </ClInclude>
    <ClInclude Include="NeuralGroup.h">
      <Filter>Header Files\Network</Filter>
    </ClInclude>
    <ClInclude Include="ActivationFunctions.h">
      <Filter>Header Files\Network</Filter>
    </ClInclude>
    <ClInclude Include="BaseLayer.h">
      <Filter>Header Files\Network\BaseLayer</Filter>
    </ClInclude>
    <ClInclude Include="base64.h">
      <Filter>Header Files</Filter>
    </ClInclude>
    <ClInclude Include="IDGen.h">
      <Filter>Header Files\Network</Filter>
    </ClInclude>
    <ClInclude Include="SOM.h">
      <Filter>Header Files\Network\SOM</Filter>
    </ClInclude>
    <ClInclude Include="SOM_learning.h">
      <Filter>Header Files\Algorithm</Filter>
    </ClInclude>
    <ClInclude Include="SOM_analyzer.h">
      <Filter>Header Files\Algorithm</Filter>
    </ClInclude>
    <ClInclude Include="NeuralNetwork.h">
      <Filter>Header Files\Network</Filter>
    </ClInclude>
    <ClInclude Include="MSOM.h">
      <Filter>Header Files\Network\SOM</Filter>
    </ClInclude>
    <ClInclude Include="MSOM_learning.h">
      <Filter>Header Files\Algorithm</Filter>
    </ClInclude>
    <ClInclude Include="ThreadPool.h">
      <Filter>Header Files</Filter>
    </ClInclude>
    <ClInclude Include="Base_SOM_learning.h">
      <Filter>Header Files\Algorithm</Filter>
    </ClInclude>
    <ClInclude Include="IOUtils.h">
      <Filter>Header Files</Filter>
    </ClInclude>
  </ItemGroup>
  <ItemGroup>
    <None Include="README.md" />
  </ItemGroup>
</Project>