<?xml version="1.0" encoding="utf-8"?>
<Project ToolsVersion="4.0" xmlns="http://schemas.microsoft.com/developer/msbuild/2003">
  <ItemGroup>
    <Filter Include="Source Files">
      <UniqueIdentifier>{4FC737F1-C7A5-4376-A066-2A32D752A2FF}</UniqueIdentifier>
      <Extensions>cpp;c;cc;cxx;def;odl;idl;hpj;bat;asm;asmx</Extensions>
    </Filter>
    <Filter Include="Header Files">
      <UniqueIdentifier>{93995380-89BD-4b04-88EB-625FBE52EBFB}</UniqueIdentifier>
      <Extensions>h;hh;hpp;hxx;hm;inl;inc;xsd</Extensions>
    </Filter>
    <Filter Include="Resource Files">
      <UniqueIdentifier>{67DA6AB6-F800-4c08-8B7A-83BB121AAD01}</UniqueIdentifier>
      <Extensions>rc;ico;cur;bmp;dlg;rc2;rct;bin;rgs;gif;jpg;jpeg;jpe;resx;tiff;tif;png;wav;mfcribbon-ms</Extensions>
    </Filter>
    <Filter Include="Source Files\Network">
      <UniqueIdentifier>{827fbae6-3be1-4b30-a2f4-b0069f90aca2}</UniqueIdentifier>
    </Filter>
    <Filter Include="Header Files\Network">
      <UniqueIdentifier>{48f8eec4-904e-404b-843e-211f50c2c508}</UniqueIdentifier>
    </Filter>
    <Filter Include="Source Files\Network\Layer">
      <UniqueIdentifier>{83a2b3a6-b9c5-45c4-bdab-8352b24eca48}</UniqueIdentifier>
    </Filter>
    <Filter Include="Source Files\Network\SOM">
      <UniqueIdentifier>{37809e74-c498-4cd2-9f5c-a9bf5ed43a5e}</UniqueIdentifier>
    </Filter>
    <Filter Include="Header Files\Network\SOM">
      <UniqueIdentifier>{1deeff18-e9fe-48c3-b6f7-9c6b3b8c84cf}</UniqueIdentifier>
    </Filter>
    <Filter Include="Source Files\Algorithm">
      <UniqueIdentifier>{2b497b99-eb1c-4f30-b691-3d00c5a19c95}</UniqueIdentifier>
    </Filter>
    <Filter Include="Header Files\Algorithm">
      <UniqueIdentifier>{61f79c42-f731-4acc-94cb-af2eb30d70ee}</UniqueIdentifier>
    </Filter>
    <Filter Include="Header Files\Algorithm\Gradient">
      <UniqueIdentifier>{7a7b9f59-46f5-4943-ad21-3ee54f0c1f87}</UniqueIdentifier>
    </Filter>
    <Filter Include="Source Files\Algorithm\Gradient">
      <UniqueIdentifier>{d83e6bd8-1404-4626-91f2-751f5fb98700}</UniqueIdentifier>
    </Filter>
    <Filter Include="Source Files\Algorithm\CostFunctions">
      <UniqueIdentifier>{0cf1020e-9628-4ef3-83e4-cf0e6b164281}</UniqueIdentifier>
    </Filter>
    <Filter Include="Header Files\Algorithm\CostFunctions">
      <UniqueIdentifier>{a27512a6-12e5-42b2-9563-1085c82c7968}</UniqueIdentifier>
    </Filter>
    <Filter Include="Header Files\Algorithm\Unsupervised">
      <UniqueIdentifier>{a5404374-d74a-4efe-91a6-e345e6568f05}</UniqueIdentifier>
    </Filter>
    <Filter Include="Source Files\Algorithm\Unsupervised">
      <UniqueIdentifier>{51ac72c3-5e2b-4fb9-a94e-1747a07c1af8}</UniqueIdentifier>
    </Filter>
    <Filter Include="Source Files\Algorithm\Supervised">
      <UniqueIdentifier>{18ad6569-82d9-481f-abaf-0dc5a6abfcc2}</UniqueIdentifier>
    </Filter>
    <Filter Include="Header Files\Algorithm\Supervised">
      <UniqueIdentifier>{474f546f-7c65-48d1-a420-52d7aefdc8d0}</UniqueIdentifier>
    </Filter>
    <Filter Include="Header Files\Network\Layer">
      <UniqueIdentifier>{7619e07b-8f30-4242-aa7a-0e7a326ef563}</UniqueIdentifier>
    </Filter>
    <Filter Include="Source Files\Algorithm\Gradient\State">
      <UniqueIdentifier>{7e00f4a7-18ae-4f9a-9144-4fbf8e83dea4}</UniqueIdentifier>
    </Filter>
    <Filter Include="Header Files\Algorithm\Gradient\State">
      <UniqueIdentifier>{be1c7aa5-ed52-4bca-943e-957cb0986b2c}</UniqueIdentifier>
    </Filter>
    <Filter Include="Source Files\Algorithm\RL">
      <UniqueIdentifier>{91801bd2-5bd4-42e3-acbe-a6feea738b41}</UniqueIdentifier>
    </Filter>
    <Filter Include="Header Files\Algorithm\RL">
      <UniqueIdentifier>{9bcec353-e83e-4b4c-ba7f-ed78cdebe816}</UniqueIdentifier>
    </Filter>
  </ItemGroup>
  <ItemGroup>
    <Text Include="ReadMe.txt" />
  </ItemGroup>
  <ItemGroup>
    <ClCompile Include="Coeus.cpp">
      <Filter>Source Files</Filter>
    </ClCompile>
    <ClCompile Include="Connection.cpp">
      <Filter>Source Files\Network</Filter>
    </ClCompile>
    <ClCompile Include="NeuralGroup.cpp">
      <Filter>Source Files\Network</Filter>
    </ClCompile>
    <ClCompile Include="ActivationFunctions.cpp">
      <Filter>Source Files\Network</Filter>
    </ClCompile>
    <ClCompile Include="BaseLayer.cpp">
      <Filter>Source Files\Network\Layer</Filter>
    </ClCompile>
    <ClCompile Include="IDGen.cpp">
      <Filter>Source Files\Network</Filter>
    </ClCompile>
    <ClCompile Include="SOM.cpp">
      <Filter>Source Files\Network\SOM</Filter>
    </ClCompile>
    <ClCompile Include="NeuralNetwork.cpp">
      <Filter>Source Files\Network</Filter>
    </ClCompile>
    <ClCompile Include="MSOM.cpp">
      <Filter>Source Files\Network\SOM</Filter>
    </ClCompile>
    <ClCompile Include="IOUtils.cpp">
      <Filter>Source Files</Filter>
    </ClCompile>
    <ClCompile Include="Logger.cpp">
      <Filter>Source Files</Filter>
    </ClCompile>
    <ClCompile Include="InputLayer.cpp">
      <Filter>Source Files\Network\Layer</Filter>
    </ClCompile>
    <ClCompile Include="CoreLayer.cpp">
      <Filter>Source Files\Network\Layer</Filter>
    </ClCompile>
    <ClCompile Include="RecurrentLayer.cpp">
      <Filter>Source Files\Network\Layer</Filter>
    </ClCompile>
    <ClCompile Include="Metrics.cpp">
      <Filter>Source Files\Algorithm</Filter>
    </ClCompile>
    <ClCompile Include="ICostFunction.cpp">
      <Filter>Source Files\Algorithm\CostFunctions</Filter>
    </ClCompile>
    <ClCompile Include="QuadraticCost.cpp">
      <Filter>Source Files\Algorithm\CostFunctions</Filter>
    </ClCompile>
    <ClCompile Include="Base_SOM_learning.cpp">
      <Filter>Source Files\Algorithm\Unsupervised</Filter>
    </ClCompile>
    <ClCompile Include="Base_SOM_params.cpp">
      <Filter>Source Files\Algorithm\Unsupervised</Filter>
    </ClCompile>
    <ClCompile Include="MSOM_learning.cpp">
      <Filter>Source Files\Algorithm\Unsupervised</Filter>
    </ClCompile>
    <ClCompile Include="MSOM_params.cpp">
      <Filter>Source Files\Algorithm\Unsupervised</Filter>
    </ClCompile>
    <ClCompile Include="SOM_analyzer.cpp">
      <Filter>Source Files\Algorithm\Unsupervised</Filter>
    </ClCompile>
    <ClCompile Include="SOM_learning.cpp">
      <Filter>Source Files\Algorithm\Unsupervised</Filter>
    </ClCompile>
    <ClCompile Include="SOM_params.cpp">
      <Filter>Source Files\Algorithm\Unsupervised</Filter>
    </ClCompile>
    <ClCompile Include="ExponentialCost.cpp">
      <Filter>Source Files\Algorithm\CostFunctions</Filter>
    </ClCompile>
    <ClCompile Include="CrossEntropyCost.cpp">
      <Filter>Source Files\Algorithm\CostFunctions</Filter>
    </ClCompile>
    <ClCompile Include="HellingerDistance.cpp">
      <Filter>Source Files\Algorithm\CostFunctions</Filter>
    </ClCompile>
    <ClCompile Include="KLDivergence.cpp">
      <Filter>Source Files\Algorithm\CostFunctions</Filter>
    </ClCompile>
    <ClCompile Include="GenKLDivergence.cpp">
      <Filter>Source Files\Algorithm\CostFunctions</Filter>
    </ClCompile>
    <ClCompile Include="IGradientComponent.cpp">
      <Filter>Source Files\Algorithm\Gradient</Filter>
    </ClCompile>
    <ClCompile Include="ActivationFunctionsDeriv.cpp">
      <Filter>Source Files\Network</Filter>
    </ClCompile>
    <ClCompile Include="CoreLayerGradient.cpp">
      <Filter>Source Files\Algorithm\Gradient</Filter>
    </ClCompile>
    <ClCompile Include="NetworkGradient.cpp">
      <Filter>Source Files\Algorithm\Gradient</Filter>
    </ClCompile>
    <ClCompile Include="ItakuraSaitoDistance.cpp">
      <Filter>Source Files\Algorithm\CostFunctions</Filter>
    </ClCompile>
    <ClCompile Include="LISSOM.cpp">
      <Filter>Source Files\Network\SOM</Filter>
    </ClCompile>
    <ClCompile Include="RecurrentLayerGradient.cpp">
      <Filter>Source Files\Algorithm\Gradient</Filter>
    </ClCompile>
    <ClCompile Include="LISSOM_learning.cpp">
      <Filter>Source Files\Algorithm\Unsupervised</Filter>
    </ClCompile>
    <ClCompile Include="LISSOM_params.cpp">
      <Filter>Source Files\Algorithm\Unsupervised</Filter>
    </ClCompile>
    <ClCompile Include="BaseGradientAlgorithm.cpp">
      <Filter>Source Files\Algorithm\Supervised</Filter>
    </ClCompile>
    <ClCompile Include="BackProp.cpp">
      <Filter>Source Files\Algorithm\Supervised</Filter>
    </ClCompile>
    <ClCompile Include="RMSProp.cpp">
      <Filter>Source Files\Algorithm\Supervised</Filter>
    </ClCompile>
    <ClCompile Include="Adagrad.cpp">
      <Filter>Source Files\Algorithm\Supervised</Filter>
    </ClCompile>
    <ClCompile Include="Adadelta.cpp">
      <Filter>Source Files\Algorithm\Supervised</Filter>
    </ClCompile>
    <ClCompile Include="ADAM.cpp">
      <Filter>Source Files\Algorithm\Supervised</Filter>
    </ClCompile>
    <ClCompile Include="AdaMax.cpp">
      <Filter>Source Files\Algorithm\Supervised</Filter>
    </ClCompile>
    <ClCompile Include="Nadam.cpp">
      <Filter>Source Files\Algorithm\Supervised</Filter>
    </ClCompile>
    <ClCompile Include="UBALLayer.cpp">
      <Filter>Source Files\Network\Layer</Filter>
    </ClCompile>
    <ClCompile Include="UBAL.cpp">
      <Filter>Source Files\Algorithm\Supervised</Filter>
    </ClCompile>
    <ClCompile Include="AMSGrad.cpp">
      <Filter>Source Files\Algorithm\Supervised</Filter>
    </ClCompile>
    <ClCompile Include="LSTMLayer.cpp">
      <Filter>Source Files\Network\Layer</Filter>
    </ClCompile>
    <ClCompile Include="LayerState.cpp">
      <Filter>Source Files\Algorithm\Gradient\State</Filter>
    </ClCompile>
    <ClCompile Include="LSTMLayerGradient.cpp">
      <Filter>Source Files\Algorithm\Gradient</Filter>
    </ClCompile>
    <ClCompile Include="LSTMLayerState.cpp">
      <Filter>Source Files\Algorithm\Gradient\State</Filter>
    </ClCompile>
    <ClCompile Include="BPTT.cpp">
      <Filter>Source Files\Algorithm\Supervised</Filter>
    </ClCompile>
    <ClCompile Include="LSOM1.cpp">
      <Filter>Source Files\Network\SOM</Filter>
    </ClCompile>
    <ClCompile Include="LSOM1_learning.cpp">
      <Filter>Source Files\Algorithm\Unsupervised</Filter>
    </ClCompile>
    <ClCompile Include="LSOM1_params.cpp">
      <Filter>Source Files\Algorithm\Unsupervised</Filter>
    </ClCompile>
    <ClCompile Include="Encoder.cpp">
      <Filter>Source Files</Filter>
    </ClCompile>
    <ClCompile Include="LSOM.cpp">
      <Filter>Source Files\Network\SOM</Filter>
    </ClCompile>
    <ClCompile Include="LSOM_learning.cpp">
      <Filter>Source Files\Algorithm\Unsupervised</Filter>
    </ClCompile>
    <ClCompile Include="LSOM_params.cpp">
      <Filter>Source Files\Algorithm\Unsupervised</Filter>
    </ClCompile>
    <ClCompile Include="QLearning.cpp">
      <Filter>Source Files\Algorithm\RL</Filter>
    </ClCompile>
  </ItemGroup>
  <ItemGroup>
    <ClInclude Include="Connection.h">
      <Filter>Header Files\Network</Filter>
    </ClInclude>
    <ClInclude Include="NeuralGroup.h">
      <Filter>Header Files\Network</Filter>
    </ClInclude>
    <ClInclude Include="ActivationFunctions.h">
      <Filter>Header Files\Network</Filter>
    </ClInclude>
    <ClInclude Include="BaseLayer.h">
      <Filter>Header Files\Network\Layer</Filter>
    </ClInclude>
    <ClInclude Include="base64.h">
      <Filter>Header Files</Filter>
    </ClInclude>
    <ClInclude Include="IDGen.h">
      <Filter>Header Files\Network</Filter>
    </ClInclude>
    <ClInclude Include="SOM.h">
      <Filter>Header Files\Network\SOM</Filter>
    </ClInclude>
    <ClInclude Include="NeuralNetwork.h">
      <Filter>Header Files\Network</Filter>
    </ClInclude>
    <ClInclude Include="MSOM.h">
      <Filter>Header Files\Network\SOM</Filter>
    </ClInclude>
    <ClInclude Include="IOUtils.h">
      <Filter>Header Files</Filter>
    </ClInclude>
    <ClInclude Include="Logger.h">
      <Filter>Header Files</Filter>
    </ClInclude>
    <ClInclude Include="InputLayer.h">
      <Filter>Header Files\Network\Layer</Filter>
    </ClInclude>
    <ClInclude Include="CoreLayer.h">
      <Filter>Header Files\Network\Layer</Filter>
    </ClInclude>
    <ClInclude Include="RecurrentLayer.h">
      <Filter>Header Files\Network\Layer</Filter>
    </ClInclude>
    <ClInclude Include="Metrics.h">
      <Filter>Header Files\Algorithm</Filter>
    </ClInclude>
    <ClInclude Include="ICostFunction.h">
      <Filter>Header Files\Algorithm\CostFunctions</Filter>
    </ClInclude>
    <ClInclude Include="QuadraticCost.h">
      <Filter>Header Files\Algorithm\CostFunctions</Filter>
    </ClInclude>
    <ClInclude Include="Base_SOM_learning.h">
      <Filter>Header Files\Algorithm\Unsupervised</Filter>
    </ClInclude>
    <ClInclude Include="Base_SOM_params.h">
      <Filter>Header Files\Algorithm\Unsupervised</Filter>
    </ClInclude>
    <ClInclude Include="MSOM_learning.h">
      <Filter>Header Files\Algorithm\Unsupervised</Filter>
    </ClInclude>
    <ClInclude Include="MSOM_params.h">
      <Filter>Header Files\Algorithm\Unsupervised</Filter>
    </ClInclude>
    <ClInclude Include="SOM_analyzer.h">
      <Filter>Header Files\Algorithm\Unsupervised</Filter>
    </ClInclude>
    <ClInclude Include="SOM_learning.h">
      <Filter>Header Files\Algorithm\Unsupervised</Filter>
    </ClInclude>
    <ClInclude Include="SOM_params.h">
      <Filter>Header Files\Algorithm\Unsupervised</Filter>
    </ClInclude>
    <ClInclude Include="CrossEntropyCost.h">
      <Filter>Header Files\Algorithm\CostFunctions</Filter>
    </ClInclude>
    <ClInclude Include="ExponentialCost.h">
      <Filter>Header Files\Algorithm\CostFunctions</Filter>
    </ClInclude>
    <ClInclude Include="HellingerDistance.h">
      <Filter>Header Files\Algorithm\CostFunctions</Filter>
    </ClInclude>
    <ClInclude Include="KLDivergence.h">
      <Filter>Header Files\Algorithm\CostFunctions</Filter>
    </ClInclude>
    <ClInclude Include="GenKLDivergence.h">
      <Filter>Header Files\Algorithm\CostFunctions</Filter>
    </ClInclude>
    <ClInclude Include="IGradientComponent.h">
      <Filter>Header Files\Algorithm\Gradient</Filter>
    </ClInclude>
    <ClInclude Include="ActivationFunctionsDeriv.h">
      <Filter>Header Files\Network</Filter>
    </ClInclude>
    <ClInclude Include="CoreLayerGradient.h">
      <Filter>Header Files\Algorithm\Gradient</Filter>
    </ClInclude>
    <ClInclude Include="NetworkGradient.h">
      <Filter>Header Files\Algorithm\Gradient</Filter>
    </ClInclude>
    <ClInclude Include="ItakuraSaitoDistance.h">
      <Filter>Header Files\Algorithm\CostFunctions</Filter>
    </ClInclude>
    <ClInclude Include="LISSOM.h">
      <Filter>Header Files\Network\SOM</Filter>
    </ClInclude>
    <ClInclude Include="RecurrentLayerGradient.h">
      <Filter>Header Files\Algorithm\Gradient</Filter>
    </ClInclude>
    <ClInclude Include="LISSOM_learning.h">
      <Filter>Header Files\Algorithm\Unsupervised</Filter>
    </ClInclude>
    <ClInclude Include="LISSOM_params.h">
      <Filter>Header Files\Algorithm\Unsupervised</Filter>
    </ClInclude>
    <ClInclude Include="BaseGradientAlgorithm.h">
      <Filter>Header Files\Algorithm\Supervised</Filter>
    </ClInclude>
    <ClInclude Include="BackProph.h">
      <Filter>Header Files\Algorithm\Supervised</Filter>
    </ClInclude>
    <ClInclude Include="RMSProp.h">
      <Filter>Header Files\Algorithm\Supervised</Filter>
    </ClInclude>
    <ClInclude Include="Adagrad.h">
      <Filter>Header Files\Algorithm\Supervised</Filter>
    </ClInclude>
    <ClInclude Include="Adadelta.h">
      <Filter>Header Files\Algorithm\Supervised</Filter>
    </ClInclude>
    <ClInclude Include="ADAM.h">
      <Filter>Header Files\Algorithm\Supervised</Filter>
    </ClInclude>
    <ClInclude Include="AdaMax.h">
      <Filter>Header Files\Algorithm\Supervised</Filter>
    </ClInclude>
    <ClInclude Include="Nadam.h">
      <Filter>Header Files\Algorithm\Supervised</Filter>
    </ClInclude>
    <ClInclude Include="UBALLayer.h">
      <Filter>Header Files\Network\Layer</Filter>
    </ClInclude>
    <ClInclude Include="UBAL.h">
      <Filter>Header Files\Algorithm\Supervised</Filter>
    </ClInclude>
    <ClInclude Include="AMSGrad.h">
      <Filter>Header Files\Algorithm\Supervised</Filter>
    </ClInclude>
    <ClInclude Include="LSTMLayer.h">
      <Filter>Header Files\Network\Layer</Filter>
    </ClInclude>
    <ClInclude Include="LayerState.h">
      <Filter>Header Files\Algorithm\Gradient\State</Filter>
    </ClInclude>
    <ClInclude Include="LSTMLayerGradient.h">
      <Filter>Header Files\Algorithm\Gradient</Filter>
    </ClInclude>
    <ClInclude Include="LSTMLayerState.h">
      <Filter>Header Files\Algorithm\Gradient\State</Filter>
    </ClInclude>
    <ClInclude Include="BPTT.h">
      <Filter>Header Files\Algorithm\Supervised</Filter>
    </ClInclude>
    <ClInclude Include="LSOM1.h">
      <Filter>Header Files\Network\SOM</Filter>
    </ClInclude>
    <ClInclude Include="LSOM1_learning.h">
      <Filter>Header Files\Algorithm\Unsupervised</Filter>
    </ClInclude>
    <ClInclude Include="LSOM1_params.h">
      <Filter>Header Files\Algorithm\Unsupervised</Filter>
    </ClInclude>
    <ClInclude Include="Encoder.h">
      <Filter>Header Files</Filter>
    </ClInclude>
    <ClInclude Include="LSOM.h">
      <Filter>Header Files\Network\SOM</Filter>
    </ClInclude>
    <ClInclude Include="LSOM_learning.h">
      <Filter>Header Files\Algorithm\Unsupervised</Filter>
    </ClInclude>
    <ClInclude Include="LSOM_params.h">
      <Filter>Header Files\Algorithm\Unsupervised</Filter>
    </ClInclude>
    <ClInclude Include="QLearning.h">
      <Filter>Header Files\Algorithm\RL</Filter>
    </ClInclude>
  </ItemGroup>
  <ItemGroup>
    <None Include="README.md" />
  </ItemGroup>
</Project>